
Microsoft Visual Studio Solution File, Format Version 12.00
# Visual Studio Version 17
VisualStudioVersion = 17.9.34701.34
MinimumVisualStudioVersion = 10.0.40219.1
Project("{9A19103F-16F7-4668-BE54-9A1E7A4F7556}") = "OnlineStore.API", "OnlineStore.API\OnlineStore.API.csproj", "{26A7A125-E1CD-4D74-A3DE-9D2F39C04351}"
	ProjectSection(ProjectDependencies) = postProject
		{ACF38223-4DB2-4A3C-BCDD-9BE9838123F2} = {ACF38223-4DB2-4A3C-BCDD-9BE9838123F2}
	EndProjectSection
EndProject
Project("{9A19103F-16F7-4668-BE54-9A1E7A4F7556}") = "OnlineStore.DAL", "OnlineStore.DAL\OnlineStore.DAL.csproj", "{ACF38223-4DB2-4A3C-BCDD-9BE9838123F2}"
EndProject
Project("{FAE04EC0-301F-11D3-BF4B-00C04F79EFBC}") = "OnlineStore.BLL", "OnlineStore.BLL\OnlineStore.BLL.csproj", "{5CB3D81B-AB63-4192-8922-8C5AAA3307E1}"
EndProject
Global
	GlobalSection(SolutionConfigurationPlatforms) = preSolution
		Debug|Any CPU = Debug|Any CPU
		Release|Any CPU = Release|Any CPU
	EndGlobalSection
	GlobalSection(ProjectConfigurationPlatforms) = postSolution
		{26A7A125-E1CD-4D74-A3DE-9D2F39C04351}.Debug|Any CPU.ActiveCfg = Debug|Any CPU
		{26A7A125-E1CD-4D74-A3DE-9D2F39C04351}.Debug|Any CPU.Build.0 = Debug|Any CPU
		{26A7A125-E1CD-4D74-A3DE-9D2F39C04351}.Release|Any CPU.ActiveCfg = Release|Any CPU
		{26A7A125-E1CD-4D74-A3DE-9D2F39C04351}.Release|Any CPU.Build.0 = Release|Any CPU
		{ACF38223-4DB2-4A3C-BCDD-9BE9838123F2}.Debug|Any CPU.ActiveCfg = Debug|Any CPU
		{ACF38223-4DB2-4A3C-BCDD-9BE9838123F2}.Debug|Any CPU.Build.0 = Debug|Any CPU
		{ACF38223-4DB2-4A3C-BCDD-9BE9838123F2}.Release|Any CPU.ActiveCfg = Release|Any CPU
		{ACF38223-4DB2-4A3C-BCDD-9BE9838123F2}.Release|Any CPU.Build.0 = Release|Any CPU
		{5CB3D81B-AB63-4192-8922-8C5AAA3307E1}.Debug|Any CPU.ActiveCfg = Debug|Any CPU
		{5CB3D81B-AB63-4192-8922-8C5AAA3307E1}.Debug|Any CPU.Build.0 = Debug|Any CPU
		{5CB3D81B-AB63-4192-8922-8C5AAA3307E1}.Release|Any CPU.ActiveCfg = Release|Any CPU
		{5CB3D81B-AB63-4192-8922-8C5AAA3307E1}.Release|Any CPU.Build.0 = Release|Any CPU
	EndGlobalSection
	GlobalSection(SolutionProperties) = preSolution
		HideSolutionNode = FALSE
	EndGlobalSection
	GlobalSection(ExtensibilityGlobals) = postSolution
		SolutionGuid = {FC106434-BBA5-41CD-9FE3-5DE345C6B564}
	EndGlobalSection
EndGlobal
